
Microsoft Visual Studio Solution File, Format Version 12.00
# Visual Studio Version 17
VisualStudioVersion = 17.3.32929.385
MinimumVisualStudioVersion = 10.0.40219.1
Project("{FAE04EC0-301F-11D3-BF4B-00C04F79EFBC}") = "GenshinHelper.Web", "GenshinHelper.Web\GenshinHelper.Web.csproj", "{863E5F9E-3EA3-401E-971E-353EE4323009}"
EndProject
Project("{FAE04EC0-301F-11D3-BF4B-00C04F79EFBC}") = "GenshinHelper.Data", "GenshinHelper.Data\GenshinHelper.Data.csproj", "{11997198-17C1-4E14-A8B7-4F6476CA4CEA}"
EndProject
Project("{FAE04EC0-301F-11D3-BF4B-00C04F79EFBC}") = "GenshinHelper.Core", "GenshinHelper.Core\GenshinHelper.Core.csproj", "{3EE24254-1873-4B5F-9E16-D3AAAC99DD0F}"
EndProject
Project("{FAE04EC0-301F-11D3-BF4B-00C04F79EFBC}") = "GenshinHelper.Application", "GenshinHelper.Application\GenshinHelper.Application.csproj", "{45A31EB0-3EA7-4F6C-AC90-4CA555A0C6F5}"
EndProject
Global
	GlobalSection(SolutionConfigurationPlatforms) = preSolution
		Debug|Any CPU = Debug|Any CPU
		Release|Any CPU = Release|Any CPU
	EndGlobalSection
	GlobalSection(ProjectConfigurationPlatforms) = postSolution
		{863E5F9E-3EA3-401E-971E-353EE4323009}.Debug|Any CPU.ActiveCfg = Debug|Any CPU
		{863E5F9E-3EA3-401E-971E-353EE4323009}.Debug|Any CPU.Build.0 = Debug|Any CPU
		{863E5F9E-3EA3-401E-971E-353EE4323009}.Release|Any CPU.ActiveCfg = Release|Any CPU
		{863E5F9E-3EA3-401E-971E-353EE4323009}.Release|Any CPU.Build.0 = Release|Any CPU
		{11997198-17C1-4E14-A8B7-4F6476CA4CEA}.Debug|Any CPU.ActiveCfg = Debug|Any CPU
		{11997198-17C1-4E14-A8B7-4F6476CA4CEA}.Debug|Any CPU.Build.0 = Debug|Any CPU
		{11997198-17C1-4E14-A8B7-4F6476CA4CEA}.Release|Any CPU.ActiveCfg = Release|Any CPU
		{11997198-17C1-4E14-A8B7-4F6476CA4CEA}.Release|Any CPU.Build.0 = Release|Any CPU
		{3EE24254-1873-4B5F-9E16-D3AAAC99DD0F}.Debug|Any CPU.ActiveCfg = Debug|Any CPU
		{3EE24254-1873-4B5F-9E16-D3AAAC99DD0F}.Debug|Any CPU.Build.0 = Debug|Any CPU
		{3EE24254-1873-4B5F-9E16-D3AAAC99DD0F}.Release|Any CPU.ActiveCfg = Release|Any CPU
		{3EE24254-1873-4B5F-9E16-D3AAAC99DD0F}.Release|Any CPU.Build.0 = Release|Any CPU
		{45A31EB0-3EA7-4F6C-AC90-4CA555A0C6F5}.Debug|Any CPU.ActiveCfg = Debug|Any CPU
		{45A31EB0-3EA7-4F6C-AC90-4CA555A0C6F5}.Debug|Any CPU.Build.0 = Debug|Any CPU
		{45A31EB0-3EA7-4F6C-AC90-4CA555A0C6F5}.Release|Any CPU.ActiveCfg = Release|Any CPU
		{45A31EB0-3EA7-4F6C-AC90-4CA555A0C6F5}.Release|Any CPU.Build.0 = Release|Any CPU
	EndGlobalSection
	GlobalSection(SolutionProperties) = preSolution
		HideSolutionNode = FALSE
	EndGlobalSection
	GlobalSection(ExtensibilityGlobals) = postSolution
		SolutionGuid = {6322B2F8-F2DA-46BB-B92F-3BF3416B2C0F}
	EndGlobalSection
EndGlobal
